// !$*UTF8*$!
{
	archiveVersion = 1;
	classes = {
	};
	objectVersion = 50;
	objects = {

/* Begin PBXBuildFile section */
		DAAB3CD82493B31900CB9D3F /* ConverterTests.swift in Sources */ = {isa = PBXBuildFile; fileRef = DAAB3CD72493B31900CB9D3F /* ConverterTests.swift */; };
		DAAB3CDA2493B60400CB9D3F /* TodoTests.swift in Sources */ = {isa = PBXBuildFile; fileRef = DAAB3CD92493B60400CB9D3F /* TodoTests.swift */; };
		DAAB3CDC2493B9D300CB9D3F /* CalculatorTests.swift in Sources */ = {isa = PBXBuildFile; fileRef = DAAB3CDB2493B9D300CB9D3F /* CalculatorTests.swift */; };
		DAAB3CEC2493BC4900CB9D3F /* SieveTests.swift in Sources */ = {isa = PBXBuildFile; fileRef = DAAB3CEB2493BC4900CB9D3F /* SieveTests.swift */; };
		DAAB3CEE2493BFCD00CB9D3F /* ServiceLayerTests.swift in Sources */ = {isa = PBXBuildFile; fileRef = DAAB3CED2493BFCD00CB9D3F /* ServiceLayerTests.swift */; };
		DAAB3CF12493C10600CB9D3F /* URLSessionMock.swift in Sources */ = {isa = PBXBuildFile; fileRef = DAAB3CF02493C10600CB9D3F /* URLSessionMock.swift */; };
		DAAB3CF32493C1B100CB9D3F /* DataTaskMock.swift in Sources */ = {isa = PBXBuildFile; fileRef = DAAB3CF22493C1B100CB9D3F /* DataTaskMock.swift */; };
		DAAB3CF52493C75B00CB9D3F /* HTTPResponseMock.swift in Sources */ = {isa = PBXBuildFile; fileRef = DAAB3CF42493C75B00CB9D3F /* HTTPResponseMock.swift */; };
		DAAB3D052493CB3B00CB9D3F /* OnboardUITests.swift in Sources */ = {isa = PBXBuildFile; fileRef = DAAB3D042493CB3B00CB9D3F /* OnboardUITests.swift */; };
		DAAB3D072493EA9D00CB9D3F /* ViewControllerTests.swift in Sources */ = {isa = PBXBuildFile; fileRef = DAAB3D062493EA9D00CB9D3F /* ViewControllerTests.swift */; };
		DAAB3D0A2493EBCB00CB9D3F /* URLProtocolMock.swift in Sources */ = {isa = PBXBuildFile; fileRef = DAAB3D092493EBCB00CB9D3F /* URLProtocolMock.swift */; };
		DAAB3D0C2493EBEC00CB9D3F /* AlternativeServiceLayerTests.swift in Sources */ = {isa = PBXBuildFile; fileRef = DAAB3D0B2493EBEC00CB9D3F /* AlternativeServiceLayerTests.swift */; };
		DAAB3D0E2493ED7000CB9D3F /* CityTableTests.swift in Sources */ = {isa = PBXBuildFile; fileRef = DAAB3D0D2493ED7000CB9D3F /* CityTableTests.swift */; };
		DAAB3D112493F44500CB9D3F /* TestMockData.swift in Sources */ = {isa = PBXBuildFile; fileRef = DAAB3D102493F44500CB9D3F /* TestMockData.swift */; };
		DAAC7D152492FD320027AB6D /* AppDelegate.swift in Sources */ = {isa = PBXBuildFile; fileRef = DAAC7D142492FD320027AB6D /* AppDelegate.swift */; };
		DAAC7D172492FD320027AB6D /* SceneDelegate.swift in Sources */ = {isa = PBXBuildFile; fileRef = DAAC7D162492FD320027AB6D /* SceneDelegate.swift */; };
		DAAC7D192492FD320027AB6D /* ViewController.swift in Sources */ = {isa = PBXBuildFile; fileRef = DAAC7D182492FD320027AB6D /* ViewController.swift */; };
		DAAC7D1C2492FD320027AB6D /* Main.storyboard in Resources */ = {isa = PBXBuildFile; fileRef = DAAC7D1A2492FD320027AB6D /* Main.storyboard */; };
		DAAC7D1E2492FD350027AB6D /* Assets.xcassets in Resources */ = {isa = PBXBuildFile; fileRef = DAAC7D1D2492FD350027AB6D /* Assets.xcassets */; };
		DAAC7D212492FD350027AB6D /* LaunchScreen.storyboard in Resources */ = {isa = PBXBuildFile; fileRef = DAAC7D1F2492FD350027AB6D /* LaunchScreen.storyboard */; };
		DAAC7D2F2492FE3A0027AB6D /* OnboardViewController.swift in Sources */ = {isa = PBXBuildFile; fileRef = DAAC7D2B2492FE3A0027AB6D /* OnboardViewController.swift */; };
		DAAC7D302492FE3A0027AB6D /* OnboardCollectionViewCell.swift in Sources */ = {isa = PBXBuildFile; fileRef = DAAC7D2C2492FE3A0027AB6D /* OnboardCollectionViewCell.swift */; };
		DAAC7D312492FE3A0027AB6D /* CitiesViewController.swift in Sources */ = {isa = PBXBuildFile; fileRef = DAAC7D2D2492FE3A0027AB6D /* CitiesViewController.swift */; };
		DAAC7D322492FE3A0027AB6D /* OnboardModel.swift in Sources */ = {isa = PBXBuildFile; fileRef = DAAC7D2E2492FE3A0027AB6D /* OnboardModel.swift */; };
		DAAC7D382492FE590027AB6D /* ServiceLayer.swift in Sources */ = {isa = PBXBuildFile; fileRef = DAAC7D342492FE590027AB6D /* ServiceLayer.swift */; };
		DAAC7D392492FE590027AB6D /* Router.swift in Sources */ = {isa = PBXBuildFile; fileRef = DAAC7D352492FE590027AB6D /* Router.swift */; };
		DAAC7D3A2492FE590027AB6D /* Model.swift in Sources */ = {isa = PBXBuildFile; fileRef = DAAC7D362492FE590027AB6D /* Model.swift */; };
		DAAC7D3B2492FE590027AB6D /* ServiceError.swift in Sources */ = {isa = PBXBuildFile; fileRef = DAAC7D372492FE590027AB6D /* ServiceError.swift */; };
		DAAC7D3E2492FE710027AB6D /* Sieve.swift in Sources */ = {isa = PBXBuildFile; fileRef = DAAC7D3D2492FE710027AB6D /* Sieve.swift */; };
		DAAC7D412492FE820027AB6D /* Calculator.swift in Sources */ = {isa = PBXBuildFile; fileRef = DAAC7D402492FE820027AB6D /* Calculator.swift */; };
		DAAC7D462492FE9E0027AB6D /* Project.swift in Sources */ = {isa = PBXBuildFile; fileRef = DAAC7D432492FE9E0027AB6D /* Project.swift */; };
		DAAC7D472492FE9E0027AB6D /* Tasks.swift in Sources */ = {isa = PBXBuildFile; fileRef = DAAC7D442492FE9E0027AB6D /* Tasks.swift */; };
		DAAC7D482492FE9E0027AB6D /* User.swift in Sources */ = {isa = PBXBuildFile; fileRef = DAAC7D452492FE9E0027AB6D /* User.swift */; };
		DAAC7D4B2492FEB10027AB6D /* Converter.swift in Sources */ = {isa = PBXBuildFile; fileRef = DAAC7D4A2492FEB10027AB6D /* Converter.swift */; };
		DAAC7D4E2493A9250027AB6D /* .swiftlint.yml in Resources */ = {isa = PBXBuildFile; fileRef = DAAC7D4D2493A9250027AB6D /* .swiftlint.yml */; };
/* End PBXBuildFile section */

/* Begin PBXContainerItemProxy section */
		DAAB3CD22493B30600CB9D3F /* PBXContainerItemProxy */ = {
			isa = PBXContainerItemProxy;
			containerPortal = DAAC7D092492FD320027AB6D /* Project object */;
			proxyType = 1;
			remoteGlobalIDString = DAAC7D102492FD320027AB6D;
			remoteInfo = TestHandsOn;
		};
		DAAB3CE62493BBE400CB9D3F /* PBXContainerItemProxy */ = {
			isa = PBXContainerItemProxy;
			containerPortal = DAAC7D092492FD320027AB6D /* Project object */;
			proxyType = 1;
			remoteGlobalIDString = DAAC7D102492FD320027AB6D;
			remoteInfo = TestHandsOn;
		};
		DAAB3CFF2493CAF500CB9D3F /* PBXContainerItemProxy */ = {
			isa = PBXContainerItemProxy;
			containerPortal = DAAC7D092492FD320027AB6D /* Project object */;
			proxyType = 1;
			remoteGlobalIDString = DAAC7D102492FD320027AB6D;
			remoteInfo = TestHandsOn;
		};
/* End PBXContainerItemProxy section */

/* Begin PBXFileReference section */
		DAAB3CCD2493B30600CB9D3F /* ApplicationTests.xctest */ = {isa = PBXFileReference; explicitFileType = wrapper.cfbundle; includeInIndex = 0; path = ApplicationTests.xctest; sourceTree = BUILT_PRODUCTS_DIR; };
		DAAB3CD12493B30600CB9D3F /* Info.plist */ = {isa = PBXFileReference; lastKnownFileType = text.plist.xml; path = Info.plist; sourceTree = "<group>"; };
		DAAB3CD72493B31900CB9D3F /* ConverterTests.swift */ = {isa = PBXFileReference; lastKnownFileType = sourcecode.swift; path = ConverterTests.swift; sourceTree = "<group>"; };
		DAAB3CD92493B60400CB9D3F /* TodoTests.swift */ = {isa = PBXFileReference; lastKnownFileType = sourcecode.swift; path = TodoTests.swift; sourceTree = "<group>"; };
		DAAB3CDB2493B9D300CB9D3F /* CalculatorTests.swift */ = {isa = PBXFileReference; lastKnownFileType = sourcecode.swift; path = CalculatorTests.swift; sourceTree = "<group>"; };
		DAAB3CE12493BBE400CB9D3F /* TestHandsOnAsyncTests.xctest */ = {isa = PBXFileReference; explicitFileType = wrapper.cfbundle; includeInIndex = 0; path = TestHandsOnAsyncTests.xctest; sourceTree = BUILT_PRODUCTS_DIR; };
		DAAB3CE52493BBE400CB9D3F /* Info.plist */ = {isa = PBXFileReference; lastKnownFileType = text.plist.xml; path = Info.plist; sourceTree = "<group>"; };
		DAAB3CEB2493BC4900CB9D3F /* SieveTests.swift */ = {isa = PBXFileReference; lastKnownFileType = sourcecode.swift; path = SieveTests.swift; sourceTree = "<group>"; };
		DAAB3CED2493BFCD00CB9D3F /* ServiceLayerTests.swift */ = {isa = PBXFileReference; lastKnownFileType = sourcecode.swift; path = ServiceLayerTests.swift; sourceTree = "<group>"; };
		DAAB3CF02493C10600CB9D3F /* URLSessionMock.swift */ = {isa = PBXFileReference; lastKnownFileType = sourcecode.swift; path = URLSessionMock.swift; sourceTree = "<group>"; };
		DAAB3CF22493C1B100CB9D3F /* DataTaskMock.swift */ = {isa = PBXFileReference; lastKnownFileType = sourcecode.swift; path = DataTaskMock.swift; sourceTree = "<group>"; };
		DAAB3CF42493C75B00CB9D3F /* HTTPResponseMock.swift */ = {isa = PBXFileReference; lastKnownFileType = sourcecode.swift; path = HTTPResponseMock.swift; sourceTree = "<group>"; };
		DAAB3CFA2493CAF500CB9D3F /* TestHandsOnUITests.xctest */ = {isa = PBXFileReference; explicitFileType = wrapper.cfbundle; includeInIndex = 0; path = TestHandsOnUITests.xctest; sourceTree = BUILT_PRODUCTS_DIR; };
		DAAB3CFE2493CAF500CB9D3F /* Info.plist */ = {isa = PBXFileReference; lastKnownFileType = text.plist.xml; path = Info.plist; sourceTree = "<group>"; };
		DAAB3D042493CB3B00CB9D3F /* OnboardUITests.swift */ = {isa = PBXFileReference; lastKnownFileType = sourcecode.swift; path = OnboardUITests.swift; sourceTree = "<group>"; };
		DAAB3D062493EA9D00CB9D3F /* ViewControllerTests.swift */ = {isa = PBXFileReference; lastKnownFileType = sourcecode.swift; path = ViewControllerTests.swift; sourceTree = "<group>"; };
		DAAB3D092493EBCB00CB9D3F /* URLProtocolMock.swift */ = {isa = PBXFileReference; lastKnownFileType = sourcecode.swift; path = URLProtocolMock.swift; sourceTree = "<group>"; };
		DAAB3D0B2493EBEC00CB9D3F /* AlternativeServiceLayerTests.swift */ = {isa = PBXFileReference; lastKnownFileType = sourcecode.swift; path = AlternativeServiceLayerTests.swift; sourceTree = "<group>"; };
		DAAB3D0D2493ED7000CB9D3F /* CityTableTests.swift */ = {isa = PBXFileReference; lastKnownFileType = sourcecode.swift; path = CityTableTests.swift; sourceTree = "<group>"; };
		DAAB3D102493F44500CB9D3F /* TestMockData.swift */ = {isa = PBXFileReference; lastKnownFileType = sourcecode.swift; path = TestMockData.swift; sourceTree = "<group>"; };
		DAAC7D112492FD320027AB6D /* TestHandsOn.app */ = {isa = PBXFileReference; explicitFileType = wrapper.application; includeInIndex = 0; path = TestHandsOn.app; sourceTree = BUILT_PRODUCTS_DIR; };
		DAAC7D142492FD320027AB6D /* AppDelegate.swift */ = {isa = PBXFileReference; lastKnownFileType = sourcecode.swift; path = AppDelegate.swift; sourceTree = "<group>"; };
		DAAC7D162492FD320027AB6D /* SceneDelegate.swift */ = {isa = PBXFileReference; lastKnownFileType = sourcecode.swift; path = SceneDelegate.swift; sourceTree = "<group>"; };
		DAAC7D182492FD320027AB6D /* ViewController.swift */ = {isa = PBXFileReference; lastKnownFileType = sourcecode.swift; path = ViewController.swift; sourceTree = "<group>"; };
		DAAC7D1B2492FD320027AB6D /* Base */ = {isa = PBXFileReference; lastKnownFileType = file.storyboard; name = Base; path = Base.lproj/Main.storyboard; sourceTree = "<group>"; };
		DAAC7D1D2492FD350027AB6D /* Assets.xcassets */ = {isa = PBXFileReference; lastKnownFileType = folder.assetcatalog; path = Assets.xcassets; sourceTree = "<group>"; };
		DAAC7D202492FD350027AB6D /* Base */ = {isa = PBXFileReference; lastKnownFileType = file.storyboard; name = Base; path = Base.lproj/LaunchScreen.storyboard; sourceTree = "<group>"; };
		DAAC7D222492FD350027AB6D /* Info.plist */ = {isa = PBXFileReference; lastKnownFileType = text.plist.xml; path = Info.plist; sourceTree = "<group>"; };
		DAAC7D2B2492FE3A0027AB6D /* OnboardViewController.swift */ = {isa = PBXFileReference; fileEncoding = 4; lastKnownFileType = sourcecode.swift; path = OnboardViewController.swift; sourceTree = "<group>"; };
		DAAC7D2C2492FE3A0027AB6D /* OnboardCollectionViewCell.swift */ = {isa = PBXFileReference; fileEncoding = 4; lastKnownFileType = sourcecode.swift; path = OnboardCollectionViewCell.swift; sourceTree = "<group>"; };
		DAAC7D2D2492FE3A0027AB6D /* CitiesViewController.swift */ = {isa = PBXFileReference; fileEncoding = 4; lastKnownFileType = sourcecode.swift; path = CitiesViewController.swift; sourceTree = "<group>"; };
		DAAC7D2E2492FE3A0027AB6D /* OnboardModel.swift */ = {isa = PBXFileReference; fileEncoding = 4; lastKnownFileType = sourcecode.swift; path = OnboardModel.swift; sourceTree = "<group>"; };
		DAAC7D342492FE590027AB6D /* ServiceLayer.swift */ = {isa = PBXFileReference; fileEncoding = 4; lastKnownFileType = sourcecode.swift; path = ServiceLayer.swift; sourceTree = "<group>"; };
		DAAC7D352492FE590027AB6D /* Router.swift */ = {isa = PBXFileReference; fileEncoding = 4; lastKnownFileType = sourcecode.swift; path = Router.swift; sourceTree = "<group>"; };
		DAAC7D362492FE590027AB6D /* Model.swift */ = {isa = PBXFileReference; fileEncoding = 4; lastKnownFileType = sourcecode.swift; path = Model.swift; sourceTree = "<group>"; };
		DAAC7D372492FE590027AB6D /* ServiceError.swift */ = {isa = PBXFileReference; fileEncoding = 4; lastKnownFileType = sourcecode.swift; path = ServiceError.swift; sourceTree = "<group>"; };
		DAAC7D3D2492FE710027AB6D /* Sieve.swift */ = {isa = PBXFileReference; fileEncoding = 4; lastKnownFileType = sourcecode.swift; path = Sieve.swift; sourceTree = "<group>"; };
		DAAC7D402492FE820027AB6D /* Calculator.swift */ = {isa = PBXFileReference; fileEncoding = 4; lastKnownFileType = sourcecode.swift; path = Calculator.swift; sourceTree = "<group>"; };
		DAAC7D432492FE9E0027AB6D /* Project.swift */ = {isa = PBXFileReference; fileEncoding = 4; lastKnownFileType = sourcecode.swift; path = Project.swift; sourceTree = "<group>"; };
		DAAC7D442492FE9E0027AB6D /* Tasks.swift */ = {isa = PBXFileReference; fileEncoding = 4; lastKnownFileType = sourcecode.swift; path = Tasks.swift; sourceTree = "<group>"; };
		DAAC7D452492FE9E0027AB6D /* User.swift */ = {isa = PBXFileReference; fileEncoding = 4; lastKnownFileType = sourcecode.swift; path = User.swift; sourceTree = "<group>"; };
		DAAC7D4A2492FEB10027AB6D /* Converter.swift */ = {isa = PBXFileReference; fileEncoding = 4; lastKnownFileType = sourcecode.swift; path = Converter.swift; sourceTree = "<group>"; };
		DAAC7D4D2493A9250027AB6D /* .swiftlint.yml */ = {isa = PBXFileReference; lastKnownFileType = text.yaml; path = .swiftlint.yml; sourceTree = "<group>"; };
/* End PBXFileReference section */

/* Begin PBXFrameworksBuildPhase section */
		DAAB3CCA2493B30600CB9D3F /* Frameworks */ = {
			isa = PBXFrameworksBuildPhase;
			buildActionMask = 2147483647;
			files = (
			);
			runOnlyForDeploymentPostprocessing = 0;
		};
		DAAB3CDE2493BBE400CB9D3F /* Frameworks */ = {
			isa = PBXFrameworksBuildPhase;
			buildActionMask = 2147483647;
			files = (
			);
			runOnlyForDeploymentPostprocessing = 0;
		};
		DAAB3CF72493CAF500CB9D3F /* Frameworks */ = {
			isa = PBXFrameworksBuildPhase;
			buildActionMask = 2147483647;
			files = (
			);
			runOnlyForDeploymentPostprocessing = 0;
		};
		DAAC7D0E2492FD320027AB6D /* Frameworks */ = {
			isa = PBXFrameworksBuildPhase;
			buildActionMask = 2147483647;
			files = (
			);
			runOnlyForDeploymentPostprocessing = 0;
		};
/* End PBXFrameworksBuildPhase section */

/* Begin PBXGroup section */
		DAAB3CCE2493B30600CB9D3F /* ApplicationTests */ = {
			isa = PBXGroup;
			children = (
				DAAB3CD72493B31900CB9D3F /* ConverterTests.swift */,
				DAAB3CD92493B60400CB9D3F /* TodoTests.swift */,
				DAAB3CDB2493B9D300CB9D3F /* CalculatorTests.swift */,
				DAAB3D062493EA9D00CB9D3F /* ViewControllerTests.swift */,
				DAAB3CD12493B30600CB9D3F /* Info.plist */,
			);
			path = ApplicationTests;
			sourceTree = "<group>";
		};
		DAAB3CE22493BBE400CB9D3F /* TestHandsOnAsyncTests */ = {
			isa = PBXGroup;
			children = (
				DAAB3D082493EBA200CB9D3F /* AlternativeNetworkMock */,
				DAAB3CEF2493C0E800CB9D3F /* Mocks */,
				DAAB3CEB2493BC4900CB9D3F /* SieveTests.swift */,
				DAAB3CED2493BFCD00CB9D3F /* ServiceLayerTests.swift */,
				DAAB3D0B2493EBEC00CB9D3F /* AlternativeServiceLayerTests.swift */,
				DAAB3CE52493BBE400CB9D3F /* Info.plist */,
			);
			path = TestHandsOnAsyncTests;
			sourceTree = "<group>";
		};
		DAAB3CEF2493C0E800CB9D3F /* Mocks */ = {
			isa = PBXGroup;
			children = (
				DAAB3CF02493C10600CB9D3F /* URLSessionMock.swift */,
				DAAB3CF22493C1B100CB9D3F /* DataTaskMock.swift */,
				DAAB3CF42493C75B00CB9D3F /* HTTPResponseMock.swift */,
				DAAB3D102493F44500CB9D3F /* TestMockData.swift */,
			);
			path = Mocks;
			sourceTree = "<group>";
		};
		DAAB3CFB2493CAF500CB9D3F /* TestHandsOnUITests */ = {
			isa = PBXGroup;
			children = (
				DAAB3D042493CB3B00CB9D3F /* OnboardUITests.swift */,
				DAAB3D0D2493ED7000CB9D3F /* CityTableTests.swift */,
				DAAB3CFE2493CAF500CB9D3F /* Info.plist */,
			);
			path = TestHandsOnUITests;
			sourceTree = "<group>";
		};
		DAAB3D082493EBA200CB9D3F /* AlternativeNetworkMock */ = {
			isa = PBXGroup;
			children = (
				DAAB3D092493EBCB00CB9D3F /* URLProtocolMock.swift */,
			);
			path = AlternativeNetworkMock;
			sourceTree = "<group>";
		};
		DAAB3D0F2493EDAE00CB9D3F /* FavoriteCities */ = {
			isa = PBXGroup;
			children = (
				DAAC7D2D2492FE3A0027AB6D /* CitiesViewController.swift */,
			);
			path = FavoriteCities;
			sourceTree = "<group>";
		};
		DAAC7D082492FD320027AB6D = {
			isa = PBXGroup;
			children = (
				DAAC7D132492FD320027AB6D /* TestHandsOn */,
				DAAB3CCE2493B30600CB9D3F /* ApplicationTests */,
				DAAB3CE22493BBE400CB9D3F /* TestHandsOnAsyncTests */,
				DAAB3CFB2493CAF500CB9D3F /* TestHandsOnUITests */,
				DAAC7D122492FD320027AB6D /* Products */,
			);
			sourceTree = "<group>";
		};
		DAAC7D122492FD320027AB6D /* Products */ = {
			isa = PBXGroup;
			children = (
				DAAC7D112492FD320027AB6D /* TestHandsOn.app */,
				DAAB3CCD2493B30600CB9D3F /* ApplicationTests.xctest */,
				DAAB3CE12493BBE400CB9D3F /* TestHandsOnAsyncTests.xctest */,
				DAAB3CFA2493CAF500CB9D3F /* TestHandsOnUITests.xctest */,
			);
			name = Products;
			sourceTree = "<group>";
		};
		DAAC7D132492FD320027AB6D /* TestHandsOn */ = {
			isa = PBXGroup;
			children = (
				DAAC7D492492FEA70027AB6D /* Converter */,
				DAAC7D422492FE950027AB6D /* Todo */,
				DAAC7D3F2492FE780027AB6D /* Calculator */,
				DAAC7D3C2492FE600027AB6D /* Sieve */,
				DAAC7D332492FE460027AB6D /* Projects */,
				DAAC7D2A2492FE2E0027AB6D /* Onboard */,
				DAAB3D0F2493EDAE00CB9D3F /* FavoriteCities */,
				DAAC7D292492FE150027AB6D /* Storyboard */,
				DAAC7D282492FE090027AB6D /* Shared */,
				DAAC7D1D2492FD350027AB6D /* Assets.xcassets */,
				DAAC7D222492FD350027AB6D /* Info.plist */,
				DAAC7D4D2493A9250027AB6D /* .swiftlint.yml */,
				DAAC7D1F2492FD350027AB6D /* LaunchScreen.storyboard */,
			);
			path = TestHandsOn;
			sourceTree = "<group>";
		};
		DAAC7D282492FE090027AB6D /* Shared */ = {
			isa = PBXGroup;
			children = (
				DAAC7D142492FD320027AB6D /* AppDelegate.swift */,
				DAAC7D162492FD320027AB6D /* SceneDelegate.swift */,
			);
			path = Shared;
			sourceTree = "<group>";
		};
		DAAC7D292492FE150027AB6D /* Storyboard */ = {
			isa = PBXGroup;
			children = (
				DAAC7D182492FD320027AB6D /* ViewController.swift */,
				DAAC7D1A2492FD320027AB6D /* Main.storyboard */,
			);
			path = Storyboard;
			sourceTree = "<group>";
		};
		DAAC7D2A2492FE2E0027AB6D /* Onboard */ = {
			isa = PBXGroup;
			children = (
				DAAC7D2C2492FE3A0027AB6D /* OnboardCollectionViewCell.swift */,
				DAAC7D2E2492FE3A0027AB6D /* OnboardModel.swift */,
				DAAC7D2B2492FE3A0027AB6D /* OnboardViewController.swift */,
			);
			path = Onboard;
			sourceTree = "<group>";
		};
		DAAC7D332492FE460027AB6D /* Projects */ = {
			isa = PBXGroup;
			children = (
				DAAC7D362492FE590027AB6D /* Model.swift */,
				DAAC7D352492FE590027AB6D /* Router.swift */,
				DAAC7D372492FE590027AB6D /* ServiceError.swift */,
				DAAC7D342492FE590027AB6D /* ServiceLayer.swift */,
			);
			path = Projects;
			sourceTree = "<group>";
		};
		DAAC7D3C2492FE600027AB6D /* Sieve */ = {
			isa = PBXGroup;
			children = (
				DAAC7D3D2492FE710027AB6D /* Sieve.swift */,
			);
			path = Sieve;
			sourceTree = "<group>";
		};
		DAAC7D3F2492FE780027AB6D /* Calculator */ = {
			isa = PBXGroup;
			children = (
				DAAC7D402492FE820027AB6D /* Calculator.swift */,
			);
			path = Calculator;
			sourceTree = "<group>";
		};
		DAAC7D422492FE950027AB6D /* Todo */ = {
			isa = PBXGroup;
			children = (
				DAAC7D432492FE9E0027AB6D /* Project.swift */,
				DAAC7D442492FE9E0027AB6D /* Tasks.swift */,
				DAAC7D452492FE9E0027AB6D /* User.swift */,
			);
			path = Todo;
			sourceTree = "<group>";
		};
		DAAC7D492492FEA70027AB6D /* Converter */ = {
			isa = PBXGroup;
			children = (
				DAAC7D4A2492FEB10027AB6D /* Converter.swift */,
			);
			path = Converter;
			sourceTree = "<group>";
		};
/* End PBXGroup section */

/* Begin PBXNativeTarget section */
		DAAB3CCC2493B30600CB9D3F /* ApplicationTests */ = {
			isa = PBXNativeTarget;
			buildConfigurationList = DAAB3CD42493B30600CB9D3F /* Build configuration list for PBXNativeTarget "ApplicationTests" */;
			buildPhases = (
				DAAB3CC92493B30600CB9D3F /* Sources */,
				DAAB3CCA2493B30600CB9D3F /* Frameworks */,
				DAAB3CCB2493B30600CB9D3F /* Resources */,
			);
			buildRules = (
			);
			dependencies = (
				DAAB3CD32493B30600CB9D3F /* PBXTargetDependency */,
			);
			name = ApplicationTests;
			productName = ApplicationTests;
			productReference = DAAB3CCD2493B30600CB9D3F /* ApplicationTests.xctest */;
			productType = "com.apple.product-type.bundle.unit-test";
		};
		DAAB3CE02493BBE400CB9D3F /* TestHandsOnAsyncTests */ = {
			isa = PBXNativeTarget;
			buildConfigurationList = DAAB3CE82493BBE400CB9D3F /* Build configuration list for PBXNativeTarget "TestHandsOnAsyncTests" */;
			buildPhases = (
				DAAB3CDD2493BBE400CB9D3F /* Sources */,
				DAAB3CDE2493BBE400CB9D3F /* Frameworks */,
				DAAB3CDF2493BBE400CB9D3F /* Resources */,
			);
			buildRules = (
			);
			dependencies = (
				DAAB3CE72493BBE400CB9D3F /* PBXTargetDependency */,
			);
			name = TestHandsOnAsyncTests;
			productName = TestHandsOnAsyncTests;
			productReference = DAAB3CE12493BBE400CB9D3F /* TestHandsOnAsyncTests.xctest */;
			productType = "com.apple.product-type.bundle.unit-test";
		};
		DAAB3CF92493CAF500CB9D3F /* TestHandsOnUITests */ = {
			isa = PBXNativeTarget;
			buildConfigurationList = DAAB3D012493CAF500CB9D3F /* Build configuration list for PBXNativeTarget "TestHandsOnUITests" */;
			buildPhases = (
				DAAB3CF62493CAF500CB9D3F /* Sources */,
				DAAB3CF72493CAF500CB9D3F /* Frameworks */,
				DAAB3CF82493CAF500CB9D3F /* Resources */,
			);
			buildRules = (
			);
			dependencies = (
				DAAB3D002493CAF500CB9D3F /* PBXTargetDependency */,
			);
			name = TestHandsOnUITests;
			productName = TestHandsOnUITests;
			productReference = DAAB3CFA2493CAF500CB9D3F /* TestHandsOnUITests.xctest */;
			productType = "com.apple.product-type.bundle.ui-testing";
		};
		DAAC7D102492FD320027AB6D /* TestHandsOn */ = {
			isa = PBXNativeTarget;
			buildConfigurationList = DAAC7D252492FD350027AB6D /* Build configuration list for PBXNativeTarget "TestHandsOn" */;
			buildPhases = (
				DAAC7D0D2492FD320027AB6D /* Sources */,
				DAAC7D0E2492FD320027AB6D /* Frameworks */,
				DAAC7D0F2492FD320027AB6D /* Resources */,
				DAAC7D4C2493A84B0027AB6D /* ShellScript */,
			);
			buildRules = (
			);
			dependencies = (
			);
			name = TestHandsOn;
			productName = TestHandsOn;
			productReference = DAAC7D112492FD320027AB6D /* TestHandsOn.app */;
			productType = "com.apple.product-type.application";
		};
/* End PBXNativeTarget section */

/* Begin PBXProject section */
		DAAC7D092492FD320027AB6D /* Project object */ = {
			isa = PBXProject;
			attributes = {
				LastSwiftUpdateCheck = 1150;
				LastUpgradeCheck = 1150;
				ORGANIZATIONNAME = academy.ifce;
				TargetAttributes = {
					DAAB3CCC2493B30600CB9D3F = {
						CreatedOnToolsVersion = 11.5;
						TestTargetID = DAAC7D102492FD320027AB6D;
					};
					DAAB3CE02493BBE400CB9D3F = {
						CreatedOnToolsVersion = 11.5;
						TestTargetID = DAAC7D102492FD320027AB6D;
					};
					DAAB3CF92493CAF500CB9D3F = {
						CreatedOnToolsVersion = 11.5;
						TestTargetID = DAAC7D102492FD320027AB6D;
					};
					DAAC7D102492FD320027AB6D = {
						CreatedOnToolsVersion = 11.5;
					};
				};
			};
			buildConfigurationList = DAAC7D0C2492FD320027AB6D /* Build configuration list for PBXProject "TestHandsOn" */;
			compatibilityVersion = "Xcode 9.3";
			developmentRegion = en;
			hasScannedForEncodings = 0;
			knownRegions = (
				en,
				Base,
			);
			mainGroup = DAAC7D082492FD320027AB6D;
			productRefGroup = DAAC7D122492FD320027AB6D /* Products */;
			projectDirPath = "";
			projectRoot = "";
			targets = (
				DAAC7D102492FD320027AB6D /* TestHandsOn */,
				DAAB3CCC2493B30600CB9D3F /* ApplicationTests */,
				DAAB3CE02493BBE400CB9D3F /* TestHandsOnAsyncTests */,
				DAAB3CF92493CAF500CB9D3F /* TestHandsOnUITests */,
			);
		};
/* End PBXProject section */

/* Begin PBXResourcesBuildPhase section */
		DAAB3CCB2493B30600CB9D3F /* Resources */ = {
			isa = PBXResourcesBuildPhase;
			buildActionMask = 2147483647;
			files = (
			);
			runOnlyForDeploymentPostprocessing = 0;
		};
		DAAB3CDF2493BBE400CB9D3F /* Resources */ = {
			isa = PBXResourcesBuildPhase;
			buildActionMask = 2147483647;
			files = (
			);
			runOnlyForDeploymentPostprocessing = 0;
		};
		DAAB3CF82493CAF500CB9D3F /* Resources */ = {
			isa = PBXResourcesBuildPhase;
			buildActionMask = 2147483647;
			files = (
			);
			runOnlyForDeploymentPostprocessing = 0;
		};
		DAAC7D0F2492FD320027AB6D /* Resources */ = {
			isa = PBXResourcesBuildPhase;
			buildActionMask = 2147483647;
			files = (
				DAAC7D4E2493A9250027AB6D /* .swiftlint.yml in Resources */,
				DAAC7D212492FD350027AB6D /* LaunchScreen.storyboard in Resources */,
				DAAC7D1E2492FD350027AB6D /* Assets.xcassets in Resources */,
				DAAC7D1C2492FD320027AB6D /* Main.storyboard in Resources */,
			);
			runOnlyForDeploymentPostprocessing = 0;
		};
/* End PBXResourcesBuildPhase section */

/* Begin PBXShellScriptBuildPhase section */
		DAAC7D4C2493A84B0027AB6D /* ShellScript */ = {
			isa = PBXShellScriptBuildPhase;
			buildActionMask = 2147483647;
			files = (
			);
			inputFileListPaths = (
			);
			inputPaths = (
			);
			outputFileListPaths = (
			);
			outputPaths = (
			);
			runOnlyForDeploymentPostprocessing = 0;
			shellPath = /bin/sh;
			shellScript = "
";
		};
/* End PBXShellScriptBuildPhase section */

/* Begin PBXSourcesBuildPhase section */
		DAAB3CC92493B30600CB9D3F /* Sources */ = {
			isa = PBXSourcesBuildPhase;
			buildActionMask = 2147483647;
			files = (
				DAAB3CD82493B31900CB9D3F /* ConverterTests.swift in Sources */,
				DAAB3CDC2493B9D300CB9D3F /* CalculatorTests.swift in Sources */,
				DAAB3D072493EA9D00CB9D3F /* ViewControllerTests.swift in Sources */,
				DAAB3CDA2493B60400CB9D3F /* TodoTests.swift in Sources */,
			);
			runOnlyForDeploymentPostprocessing = 0;
		};
		DAAB3CDD2493BBE400CB9D3F /* Sources */ = {
			isa = PBXSourcesBuildPhase;
			buildActionMask = 2147483647;
			files = (
				DAAB3CF32493C1B100CB9D3F /* DataTaskMock.swift in Sources */,
				DAAB3D112493F44500CB9D3F /* TestMockData.swift in Sources */,
				DAAB3D0A2493EBCB00CB9D3F /* URLProtocolMock.swift in Sources */,
				DAAB3CF12493C10600CB9D3F /* URLSessionMock.swift in Sources */,
				DAAB3D0C2493EBEC00CB9D3F /* AlternativeServiceLayerTests.swift in Sources */,
				DAAB3CEC2493BC4900CB9D3F /* SieveTests.swift in Sources */,
				DAAB3CEE2493BFCD00CB9D3F /* ServiceLayerTests.swift in Sources */,
				DAAB3CF52493C75B00CB9D3F /* HTTPResponseMock.swift in Sources */,
			);
			runOnlyForDeploymentPostprocessing = 0;
		};
		DAAB3CF62493CAF500CB9D3F /* Sources */ = {
			isa = PBXSourcesBuildPhase;
			buildActionMask = 2147483647;
			files = (
				DAAB3D052493CB3B00CB9D3F /* OnboardUITests.swift in Sources */,
				DAAB3D0E2493ED7000CB9D3F /* CityTableTests.swift in Sources */,
			);
			runOnlyForDeploymentPostprocessing = 0;
		};
		DAAC7D0D2492FD320027AB6D /* Sources */ = {
			isa = PBXSourcesBuildPhase;
			buildActionMask = 2147483647;
			files = (
				DAAC7D322492FE3A0027AB6D /* OnboardModel.swift in Sources */,
				DAAC7D192492FD320027AB6D /* ViewController.swift in Sources */,
				DAAC7D152492FD320027AB6D /* AppDelegate.swift in Sources */,
				DAAC7D382492FE590027AB6D /* ServiceLayer.swift in Sources */,
				DAAC7D482492FE9E0027AB6D /* User.swift in Sources */,
				DAAC7D4B2492FEB10027AB6D /* Converter.swift in Sources */,
				DAAC7D392492FE590027AB6D /* Router.swift in Sources */,
				DAAC7D462492FE9E0027AB6D /* Project.swift in Sources */,
				DAAC7D412492FE820027AB6D /* Calculator.swift in Sources */,
				DAAC7D3A2492FE590027AB6D /* Model.swift in Sources */,
				DAAC7D2F2492FE3A0027AB6D /* OnboardViewController.swift in Sources */,
				DAAC7D3B2492FE590027AB6D /* ServiceError.swift in Sources */,
				DAAC7D312492FE3A0027AB6D /* CitiesViewController.swift in Sources */,
				DAAC7D302492FE3A0027AB6D /* OnboardCollectionViewCell.swift in Sources */,
				DAAC7D3E2492FE710027AB6D /* Sieve.swift in Sources */,
				DAAC7D472492FE9E0027AB6D /* Tasks.swift in Sources */,
				DAAC7D172492FD320027AB6D /* SceneDelegate.swift in Sources */,
			);
			runOnlyForDeploymentPostprocessing = 0;
		};
/* End PBXSourcesBuildPhase section */

/* Begin PBXTargetDependency section */
		DAAB3CD32493B30600CB9D3F /* PBXTargetDependency */ = {
			isa = PBXTargetDependency;
			target = DAAC7D102492FD320027AB6D /* TestHandsOn */;
			targetProxy = DAAB3CD22493B30600CB9D3F /* PBXContainerItemProxy */;
		};
		DAAB3CE72493BBE400CB9D3F /* PBXTargetDependency */ = {
			isa = PBXTargetDependency;
			target = DAAC7D102492FD320027AB6D /* TestHandsOn */;
			targetProxy = DAAB3CE62493BBE400CB9D3F /* PBXContainerItemProxy */;
		};
		DAAB3D002493CAF500CB9D3F /* PBXTargetDependency */ = {
			isa = PBXTargetDependency;
			target = DAAC7D102492FD320027AB6D /* TestHandsOn */;
			targetProxy = DAAB3CFF2493CAF500CB9D3F /* PBXContainerItemProxy */;
		};
/* End PBXTargetDependency section */

/* Begin PBXVariantGroup section */
		DAAC7D1A2492FD320027AB6D /* Main.storyboard */ = {
			isa = PBXVariantGroup;
			children = (
				DAAC7D1B2492FD320027AB6D /* Base */,
			);
			name = Main.storyboard;
			sourceTree = "<group>";
		};
		DAAC7D1F2492FD350027AB6D /* LaunchScreen.storyboard */ = {
			isa = PBXVariantGroup;
			children = (
				DAAC7D202492FD350027AB6D /* Base */,
			);
			name = LaunchScreen.storyboard;
			sourceTree = "<group>";
		};
/* End PBXVariantGroup section */

/* Begin XCBuildConfiguration section */
		DAAB3CD52493B30600CB9D3F /* Debug */ = {
			isa = XCBuildConfiguration;
			buildSettings = {
				BUNDLE_LOADER = "$(TEST_HOST)";
				CODE_SIGN_STYLE = Automatic;
				DEVELOPMENT_TEAM = 489VWS49NR;
				INFOPLIST_FILE = ApplicationTests/Info.plist;
				LD_RUNPATH_SEARCH_PATHS = (
					"$(inherited)",
					"@executable_path/Frameworks",
					"@loader_path/Frameworks",
				);
				PRODUCT_BUNDLE_IDENTIFIER = academy.ifce.ApplicationTests;
				PRODUCT_NAME = "$(TARGET_NAME)";
				SWIFT_VERSION = 5.0;
				TARGETED_DEVICE_FAMILY = "1,2";
				TEST_HOST = "$(BUILT_PRODUCTS_DIR)/TestHandsOn.app/TestHandsOn";
			};
			name = Debug;
		};
		DAAB3CD62493B30600CB9D3F /* Release */ = {
			isa = XCBuildConfiguration;
			buildSettings = {
				BUNDLE_LOADER = "$(TEST_HOST)";
				CODE_SIGN_STYLE = Automatic;
				DEVELOPMENT_TEAM = 489VWS49NR;
				INFOPLIST_FILE = ApplicationTests/Info.plist;
				LD_RUNPATH_SEARCH_PATHS = (
					"$(inherited)",
					"@executable_path/Frameworks",
					"@loader_path/Frameworks",
				);
				PRODUCT_BUNDLE_IDENTIFIER = academy.ifce.ApplicationTests;
				PRODUCT_NAME = "$(TARGET_NAME)";
				SWIFT_VERSION = 5.0;
				TARGETED_DEVICE_FAMILY = "1,2";
				TEST_HOST = "$(BUILT_PRODUCTS_DIR)/TestHandsOn.app/TestHandsOn";
			};
			name = Release;
		};
		DAAB3CE92493BBE400CB9D3F /* Debug */ = {
			isa = XCBuildConfiguration;
			buildSettings = {
				BUNDLE_LOADER = "$(TEST_HOST)";
				CODE_SIGN_STYLE = Automatic;
				DEVELOPMENT_TEAM = 489VWS49NR;
				INFOPLIST_FILE = TestHandsOnAsyncTests/Info.plist;
				LD_RUNPATH_SEARCH_PATHS = (
					"$(inherited)",
					"@executable_path/Frameworks",
					"@loader_path/Frameworks",
				);
				PRODUCT_BUNDLE_IDENTIFIER = academy.ifce.TestHandsOnAsyncTests;
				PRODUCT_NAME = "$(TARGET_NAME)";
				SWIFT_VERSION = 5.0;
				TARGETED_DEVICE_FAMILY = "1,2";
				TEST_HOST = "$(BUILT_PRODUCTS_DIR)/TestHandsOn.app/TestHandsOn";
			};
			name = Debug;
		};
		DAAB3CEA2493BBE400CB9D3F /* Release */ = {
			isa = XCBuildConfiguration;
			buildSettings = {
				BUNDLE_LOADER = "$(TEST_HOST)";
				CODE_SIGN_STYLE = Automatic;
				DEVELOPMENT_TEAM = 489VWS49NR;
				INFOPLIST_FILE = TestHandsOnAsyncTests/Info.plist;
				LD_RUNPATH_SEARCH_PATHS = (
					"$(inherited)",
					"@executable_path/Frameworks",
					"@loader_path/Frameworks",
				);
				PRODUCT_BUNDLE_IDENTIFIER = academy.ifce.TestHandsOnAsyncTests;
				PRODUCT_NAME = "$(TARGET_NAME)";
				SWIFT_VERSION = 5.0;
				TARGETED_DEVICE_FAMILY = "1,2";
				TEST_HOST = "$(BUILT_PRODUCTS_DIR)/TestHandsOn.app/TestHandsOn";
			};
			name = Release;
		};
		DAAB3D022493CAF500CB9D3F /* Debug */ = {
			isa = XCBuildConfiguration;
			buildSettings = {
				CODE_SIGN_STYLE = Automatic;
				DEVELOPMENT_TEAM = 489VWS49NR;
				INFOPLIST_FILE = TestHandsOnUITests/Info.plist;
				LD_RUNPATH_SEARCH_PATHS = (
					"$(inherited)",
					"@executable_path/Frameworks",
					"@loader_path/Frameworks",
				);
				PRODUCT_BUNDLE_IDENTIFIER = academy.ifce.TestHandsOnUITests;
				PRODUCT_NAME = "$(TARGET_NAME)";
				SWIFT_VERSION = 5.0;
				TARGETED_DEVICE_FAMILY = "1,2";
				TEST_TARGET_NAME = TestHandsOn;
			};
			name = Debug;
		};
		DAAB3D032493CAF500CB9D3F /* Release */ = {
			isa = XCBuildConfiguration;
			buildSettings = {
				CODE_SIGN_STYLE = Automatic;
				DEVELOPMENT_TEAM = 489VWS49NR;
				INFOPLIST_FILE = TestHandsOnUITests/Info.plist;
				LD_RUNPATH_SEARCH_PATHS = (
					"$(inherited)",
					"@executable_path/Frameworks",
					"@loader_path/Frameworks",
				);
				PRODUCT_BUNDLE_IDENTIFIER = academy.ifce.TestHandsOnUITests;
				PRODUCT_NAME = "$(TARGET_NAME)";
				SWIFT_VERSION = 5.0;
				TARGETED_DEVICE_FAMILY = "1,2";
				TEST_TARGET_NAME = TestHandsOn;
			};
			name = Release;
		};
		DAAC7D232492FD350027AB6D /* Debug */ = {
			isa = XCBuildConfiguration;
			buildSettings = {
				ALWAYS_SEARCH_USER_PATHS = NO;
				CLANG_ANALYZER_NONNULL = YES;
				CLANG_ANALYZER_NUMBER_OBJECT_CONVERSION = YES_AGGRESSIVE;
				CLANG_CXX_LANGUAGE_STANDARD = "gnu++14";
				CLANG_CXX_LIBRARY = "libc++";
				CLANG_ENABLE_MODULES = YES;
				CLANG_ENABLE_OBJC_ARC = YES;
				CLANG_ENABLE_OBJC_WEAK = YES;
				CLANG_WARN_BLOCK_CAPTURE_AUTORELEASING = YES;
				CLANG_WARN_BOOL_CONVERSION = YES;
				CLANG_WARN_COMMA = YES;
				CLANG_WARN_CONSTANT_CONVERSION = YES;
				CLANG_WARN_DEPRECATED_OBJC_IMPLEMENTATIONS = YES;
				CLANG_WARN_DIRECT_OBJC_ISA_USAGE = YES_ERROR;
				CLANG_WARN_DOCUMENTATION_COMMENTS = YES;
				CLANG_WARN_EMPTY_BODY = YES;
				CLANG_WARN_ENUM_CONVERSION = YES;
				CLANG_WARN_INFINITE_RECURSION = YES;
				CLANG_WARN_INT_CONVERSION = YES;
				CLANG_WARN_NON_LITERAL_NULL_CONVERSION = YES;
				CLANG_WARN_OBJC_IMPLICIT_RETAIN_SELF = YES;
				CLANG_WARN_OBJC_LITERAL_CONVERSION = YES;
				CLANG_WARN_OBJC_ROOT_CLASS = YES_ERROR;
				CLANG_WARN_RANGE_LOOP_ANALYSIS = YES;
				CLANG_WARN_STRICT_PROTOTYPES = YES;
				CLANG_WARN_SUSPICIOUS_MOVE = YES;
				CLANG_WARN_UNGUARDED_AVAILABILITY = YES_AGGRESSIVE;
				CLANG_WARN_UNREACHABLE_CODE = YES;
				CLANG_WARN__DUPLICATE_METHOD_MATCH = YES;
				COPY_PHASE_STRIP = NO;
				DEBUG_INFORMATION_FORMAT = dwarf;
				ENABLE_STRICT_OBJC_MSGSEND = YES;
				ENABLE_TESTABILITY = YES;
				GCC_C_LANGUAGE_STANDARD = gnu11;
				GCC_DYNAMIC_NO_PIC = NO;
				GCC_NO_COMMON_BLOCKS = YES;
				GCC_OPTIMIZATION_LEVEL = 0;
				GCC_PREPROCESSOR_DEFINITIONS = (
					"DEBUG=1",
					"$(inherited)",
				);
				GCC_WARN_64_TO_32_BIT_CONVERSION = YES;
				GCC_WARN_ABOUT_RETURN_TYPE = YES_ERROR;
				GCC_WARN_UNDECLARED_SELECTOR = YES;
				GCC_WARN_UNINITIALIZED_AUTOS = YES_AGGRESSIVE;
				GCC_WARN_UNUSED_FUNCTION = YES;
				GCC_WARN_UNUSED_VARIABLE = YES;
				IPHONEOS_DEPLOYMENT_TARGET = 13.5;
				MTL_ENABLE_DEBUG_INFO = INCLUDE_SOURCE;
				MTL_FAST_MATH = YES;
				ONLY_ACTIVE_ARCH = YES;
				SDKROOT = iphoneos;
				SWIFT_ACTIVE_COMPILATION_CONDITIONS = DEBUG;
				SWIFT_OPTIMIZATION_LEVEL = "-Onone";
			};
			name = Debug;
		};
		DAAC7D242492FD350027AB6D /* Release */ = {
			isa = XCBuildConfiguration;
			buildSettings = {
				ALWAYS_SEARCH_USER_PATHS = NO;
				CLANG_ANALYZER_NONNULL = YES;
				CLANG_ANALYZER_NUMBER_OBJECT_CONVERSION = YES_AGGRESSIVE;
				CLANG_CXX_LANGUAGE_STANDARD = "gnu++14";
				CLANG_CXX_LIBRARY = "libc++";
				CLANG_ENABLE_MODULES = YES;
				CLANG_ENABLE_OBJC_ARC = YES;
				CLANG_ENABLE_OBJC_WEAK = YES;
				CLANG_WARN_BLOCK_CAPTURE_AUTORELEASING = YES;
				CLANG_WARN_BOOL_CONVERSION = YES;
				CLANG_WARN_COMMA = YES;
				CLANG_WARN_CONSTANT_CONVERSION = YES;
				CLANG_WARN_DEPRECATED_OBJC_IMPLEMENTATIONS = YES;
				CLANG_WARN_DIRECT_OBJC_ISA_USAGE = YES_ERROR;
				CLANG_WARN_DOCUMENTATION_COMMENTS = YES;
				CLANG_WARN_EMPTY_BODY = YES;
				CLANG_WARN_ENUM_CONVERSION = YES;
				CLANG_WARN_INFINITE_RECURSION = YES;
				CLANG_WARN_INT_CONVERSION = YES;
				CLANG_WARN_NON_LITERAL_NULL_CONVERSION = YES;
				CLANG_WARN_OBJC_IMPLICIT_RETAIN_SELF = YES;
				CLANG_WARN_OBJC_LITERAL_CONVERSION = YES;
				CLANG_WARN_OBJC_ROOT_CLASS = YES_ERROR;
				CLANG_WARN_RANGE_LOOP_ANALYSIS = YES;
				CLANG_WARN_STRICT_PROTOTYPES = YES;
				CLANG_WARN_SUSPICIOUS_MOVE = YES;
				CLANG_WARN_UNGUARDED_AVAILABILITY = YES_AGGRESSIVE;
				CLANG_WARN_UNREACHABLE_CODE = YES;
				CLANG_WARN__DUPLICATE_METHOD_MATCH = YES;
				COPY_PHASE_STRIP = NO;
				DEBUG_INFORMATION_FORMAT = "dwarf-with-dsym";
				ENABLE_NS_ASSERTIONS = NO;
				ENABLE_STRICT_OBJC_MSGSEND = YES;
				GCC_C_LANGUAGE_STANDARD = gnu11;
				GCC_NO_COMMON_BLOCKS = YES;
				GCC_WARN_64_TO_32_BIT_CONVERSION = YES;
				GCC_WARN_ABOUT_RETURN_TYPE = YES_ERROR;
				GCC_WARN_UNDECLARED_SELECTOR = YES;
				GCC_WARN_UNINITIALIZED_AUTOS = YES_AGGRESSIVE;
				GCC_WARN_UNUSED_FUNCTION = YES;
				GCC_WARN_UNUSED_VARIABLE = YES;
				IPHONEOS_DEPLOYMENT_TARGET = 13.5;
				MTL_ENABLE_DEBUG_INFO = NO;
				MTL_FAST_MATH = YES;
				SDKROOT = iphoneos;
				SWIFT_COMPILATION_MODE = wholemodule;
				SWIFT_OPTIMIZATION_LEVEL = "-O";
				VALIDATE_PRODUCT = YES;
			};
			name = Release;
		};
		DAAC7D262492FD350027AB6D /* Debug */ = {
			isa = XCBuildConfiguration;
			buildSettings = {
				ASSETCATALOG_COMPILER_APPICON_NAME = AppIcon;
				CODE_SIGN_STYLE = Automatic;
				DEVELOPMENT_TEAM = 489VWS49NR;
				INFOPLIST_FILE = TestHandsOn/Info.plist;
				LD_RUNPATH_SEARCH_PATHS = (
					"$(inherited)",
					"@executable_path/Frameworks",
				);
				PRODUCT_BUNDLE_IDENTIFIER = academy.ifce.TestHandsOn;
				PRODUCT_NAME = "$(TARGET_NAME)";
				SWIFT_VERSION = 5.0;
				TARGETED_DEVICE_FAMILY = "1,2";
			};
			name = Debug;
		};
		DAAC7D272492FD350027AB6D /* Release */ = {
			isa = XCBuildConfiguration;
			buildSettings = {
				ASSETCATALOG_COMPILER_APPICON_NAME = AppIcon;
				CODE_SIGN_STYLE = Automatic;
				DEVELOPMENT_TEAM = 489VWS49NR;
				INFOPLIST_FILE = TestHandsOn/Info.plist;
				LD_RUNPATH_SEARCH_PATHS = (
					"$(inherited)",
					"@executable_path/Frameworks",
				);
				PRODUCT_BUNDLE_IDENTIFIER = academy.ifce.TestHandsOn;
				PRODUCT_NAME = "$(TARGET_NAME)";
				SWIFT_VERSION = 5.0;
				TARGETED_DEVICE_FAMILY = "1,2";
			};
			name = Release;
		};
/* End XCBuildConfiguration section */

/* Begin XCConfigurationList section */
		DAAB3CD42493B30600CB9D3F /* Build configuration list for PBXNativeTarget "ApplicationTests" */ = {
			isa = XCConfigurationList;
			buildConfigurations = (
				DAAB3CD52493B30600CB9D3F /* Debug */,
				DAAB3CD62493B30600CB9D3F /* Release */,
			);
			defaultConfigurationIsVisible = 0;
			defaultConfigurationName = Release;
		};
		DAAB3CE82493BBE400CB9D3F /* Build configuration list for PBXNativeTarget "TestHandsOnAsyncTests" */ = {
			isa = XCConfigurationList;
			buildConfigurations = (
				DAAB3CE92493BBE400CB9D3F /* Debug */,
				DAAB3CEA2493BBE400CB9D3F /* Release */,
			);
			defaultConfigurationIsVisible = 0;
			defaultConfigurationName = Release;
		};
		DAAB3D012493CAF500CB9D3F /* Build configuration list for PBXNativeTarget "TestHandsOnUITests" */ = {
			isa = XCConfigurationList;
			buildConfigurations = (
				DAAB3D022493CAF500CB9D3F /* Debug */,
				DAAB3D032493CAF500CB9D3F /* Release */,
			);
			defaultConfigurationIsVisible = 0;
			defaultConfigurationName = Release;
		};
		DAAC7D0C2492FD320027AB6D /* Build configuration list for PBXProject "TestHandsOn" */ = {
			isa = XCConfigurationList;
			buildConfigurations = (
				DAAC7D232492FD350027AB6D /* Debug */,
				DAAC7D242492FD350027AB6D /* Release */,
			);
			defaultConfigurationIsVisible = 0;
			defaultConfigurationName = Release;
		};
		DAAC7D252492FD350027AB6D /* Build configuration list for PBXNativeTarget "TestHandsOn" */ = {
			isa = XCConfigurationList;
			buildConfigurations = (
				DAAC7D262492FD350027AB6D /* Debug */,
				DAAC7D272492FD350027AB6D /* Release */,
			);
			defaultConfigurationIsVisible = 0;
			defaultConfigurationName = Release;
		};
/* End XCConfigurationList section */
	};
	rootObject = DAAC7D092492FD320027AB6D /* Project object */;
}
